
Microsoft Visual Studio Solution File, Format Version 12.00
# Visual Studio Version 16
VisualStudioVersion = 16.0.29306.81
MinimumVisualStudioVersion = 10.0.40219.1
Project("{2150E333-8FDC-42A3-9474-1A3956D46DE8}") = "1.0 Base Teórica", "1.0 Base Teórica", "{ED359D3B-E358-45E4-BDDD-0D584ECEC3C2}"
EndProject
Project("{2150E333-8FDC-42A3-9474-1A3956D46DE8}") = "1.1 WPF", "1.1 WPF", "{17232AE7-5F4E-48DB-9BAF-FA53A9C34B27}"
EndProject
Project("{2150E333-8FDC-42A3-9474-1A3956D46DE8}") = "1.2 EF - Git", "1.2 EF - Git", "{DFC5A6FB-C64B-451C-8B51-42B83840BE2F}"
EndProject
Project("{2150E333-8FDC-42A3-9474-1A3956D46DE8}") = "1.3 Design Patterns", "1.3 Design Patterns", "{D4A17B75-8C3D-46AF-B60E-451B9D2D48A8}"
EndProject
Project("{2150E333-8FDC-42A3-9474-1A3956D46DE8}") = "1.4 MVVM", "1.4 MVVM", "{2A351D05-27FE-477E-A4ED-38DAA8BE66E6}"
EndProject
Project("{2150E333-8FDC-42A3-9474-1A3956D46DE8}") = "1.5 OOP", "1.5 OOP", "{79586A8B-C01D-426F-90A9-8673B235F232}"
EndProject
Project("{2150E333-8FDC-42A3-9474-1A3956D46DE8}") = "1.6 AutoFac - IoC", "1.6 AutoFac - IoC", "{F3918024-5F38-4AB2-A64E-D500B31D5F8E}"
EndProject
Project("{2150E333-8FDC-42A3-9474-1A3956D46DE8}") = "1.7 Unit Test", "1.7 Unit Test", "{B30E2B54-9959-4347-AAA9-48B7E9A2E128}"
EndProject
Project("{FAE04EC0-301F-11D3-BF4B-00C04F79EFBC}") = "WPFApp", "WPFApp\WPFApp.csproj", "{0A930244-B117-47BD-881D-C4DBEA6FC27F}"
EndProject
Global
	GlobalSection(SolutionConfigurationPlatforms) = preSolution
		Debug|Any CPU = Debug|Any CPU
		Release|Any CPU = Release|Any CPU
	EndGlobalSection
	GlobalSection(ProjectConfigurationPlatforms) = postSolution
		{0A930244-B117-47BD-881D-C4DBEA6FC27F}.Debug|Any CPU.ActiveCfg = Debug|Any CPU
		{0A930244-B117-47BD-881D-C4DBEA6FC27F}.Debug|Any CPU.Build.0 = Debug|Any CPU
		{0A930244-B117-47BD-881D-C4DBEA6FC27F}.Release|Any CPU.ActiveCfg = Release|Any CPU
		{0A930244-B117-47BD-881D-C4DBEA6FC27F}.Release|Any CPU.Build.0 = Release|Any CPU
	EndGlobalSection
	GlobalSection(SolutionProperties) = preSolution
		HideSolutionNode = FALSE
	EndGlobalSection
	GlobalSection(NestedProjects) = preSolution
		{0A930244-B117-47BD-881D-C4DBEA6FC27F} = {17232AE7-5F4E-48DB-9BAF-FA53A9C34B27}
	EndGlobalSection
	GlobalSection(ExtensibilityGlobals) = postSolution
		SolutionGuid = {71E3067C-A712-4134-939B-4540E6BBE307}
	EndGlobalSection
EndGlobal
